// !$*UTF8*$!
{
	archiveVersion = 1;
	classes = {
	};
	objectVersion = 46;
	objects = {

/* Begin PBXBuildFile section */
		234894C41A2691730009A0F5 /* main.m in Sources */ = {isa = PBXBuildFile; fileRef = 234894C31A2691730009A0F5 /* main.m */; };
		234894C71A2691730009A0F5 /* AppDelegate.m in Sources */ = {isa = PBXBuildFile; fileRef = 234894C61A2691730009A0F5 /* AppDelegate.m */; };
		234894CA1A2691730009A0F5 /* ViewController.m in Sources */ = {isa = PBXBuildFile; fileRef = 234894C91A2691730009A0F5 /* ViewController.m */; };
		234894CD1A2691730009A0F5 /* Main.storyboard in Resources */ = {isa = PBXBuildFile; fileRef = 234894CB1A2691730009A0F5 /* Main.storyboard */; };
		234894CF1A2691730009A0F5 /* Images.xcassets in Resources */ = {isa = PBXBuildFile; fileRef = 234894CE1A2691730009A0F5 /* Images.xcassets */; };
		234894D21A2691730009A0F5 /* LaunchScreen.xib in Resources */ = {isa = PBXBuildFile; fileRef = 234894D01A2691730009A0F5 /* LaunchScreen.xib */; };
		234894DE1A2691740009A0F5 /* RGFlipMenu2Tests.m in Sources */ = {isa = PBXBuildFile; fileRef = 234894DD1A2691740009A0F5 /* RGFlipMenu2Tests.m */; };
		234894E91A2691A50009A0F5 /* RGFlipMenu.m in Sources */ = {isa = PBXBuildFile; fileRef = 234894E81A2691A50009A0F5 /* RGFlipMenu.m */; };
		234894EA1A2691A50009A0F5 /* RGFlipMenu.m in Sources */ = {isa = PBXBuildFile; fileRef = 234894E81A2691A50009A0F5 /* RGFlipMenu.m */; };
		234894ED1A2695120009A0F5 /* RGFlipMenuView.m in Sources */ = {isa = PBXBuildFile; fileRef = 234894EC1A2695120009A0F5 /* RGFlipMenuView.m */; };
		234894EE1A2695120009A0F5 /* RGFlipMenuView.m in Sources */ = {isa = PBXBuildFile; fileRef = 234894EC1A2695120009A0F5 /* RGFlipMenuView.m */; };
		2357C1281A2D192E00F809F3 /* RGFlipMenuColors.m in Sources */ = {isa = PBXBuildFile; fileRef = 2357C1271A2D192E00F809F3 /* RGFlipMenuColors.m */; };
		EA0A0BC78A0DEE185526A3C7 /* libPods.a in Frameworks */ = {isa = PBXBuildFile; fileRef = DD150895487C7BF6F886C36F /* libPods.a */; };
/* End PBXBuildFile section */

/* Begin PBXContainerItemProxy section */
		234894D81A2691740009A0F5 /* PBXContainerItemProxy */ = {
			isa = PBXContainerItemProxy;
			containerPortal = 234894B61A2691730009A0F5 /* Project object */;
			proxyType = 1;
			remoteGlobalIDString = 234894BD1A2691730009A0F5;
			remoteInfo = RGFlipMenu2;
		};
/* End PBXContainerItemProxy section */

/* Begin PBXFileReference section */
		234894BE1A2691730009A0F5 /* RGFlipMenu2.app */ = {isa = PBXFileReference; explicitFileType = wrapper.application; includeInIndex = 0; path = RGFlipMenu2.app; sourceTree = BUILT_PRODUCTS_DIR; };
		234894C21A2691730009A0F5 /* Info.plist */ = {isa = PBXFileReference; lastKnownFileType = text.plist.xml; path = Info.plist; sourceTree = "<group>"; };
		234894C31A2691730009A0F5 /* main.m */ = {isa = PBXFileReference; lastKnownFileType = sourcecode.c.objc; path = main.m; sourceTree = "<group>"; };
		234894C51A2691730009A0F5 /* AppDelegate.h */ = {isa = PBXFileReference; lastKnownFileType = sourcecode.c.h; path = AppDelegate.h; sourceTree = "<group>"; };
		234894C61A2691730009A0F5 /* AppDelegate.m */ = {isa = PBXFileReference; lastKnownFileType = sourcecode.c.objc; path = AppDelegate.m; sourceTree = "<group>"; };
		234894C81A2691730009A0F5 /* ViewController.h */ = {isa = PBXFileReference; lastKnownFileType = sourcecode.c.h; path = ViewController.h; sourceTree = "<group>"; };
		234894C91A2691730009A0F5 /* ViewController.m */ = {isa = PBXFileReference; lastKnownFileType = sourcecode.c.objc; path = ViewController.m; sourceTree = "<group>"; };
		234894CC1A2691730009A0F5 /* Base */ = {isa = PBXFileReference; lastKnownFileType = file.storyboard; name = Base; path = Base.lproj/Main.storyboard; sourceTree = "<group>"; };
		234894CE1A2691730009A0F5 /* Images.xcassets */ = {isa = PBXFileReference; lastKnownFileType = folder.assetcatalog; path = Images.xcassets; sourceTree = "<group>"; };
		234894D11A2691730009A0F5 /* Base */ = {isa = PBXFileReference; lastKnownFileType = file.xib; name = Base; path = Base.lproj/LaunchScreen.xib; sourceTree = "<group>"; };
		234894D71A2691740009A0F5 /* RGFlipMenu2Tests.xctest */ = {isa = PBXFileReference; explicitFileType = wrapper.cfbundle; includeInIndex = 0; path = RGFlipMenu2Tests.xctest; sourceTree = BUILT_PRODUCTS_DIR; };
		234894DC1A2691740009A0F5 /* Info.plist */ = {isa = PBXFileReference; lastKnownFileType = text.plist.xml; path = Info.plist; sourceTree = "<group>"; };
		234894DD1A2691740009A0F5 /* RGFlipMenu2Tests.m */ = {isa = PBXFileReference; lastKnownFileType = sourcecode.c.objc; path = RGFlipMenu2Tests.m; sourceTree = "<group>"; };
		234894E71A2691A50009A0F5 /* RGFlipMenu.h */ = {isa = PBXFileReference; fileEncoding = 4; lastKnownFileType = sourcecode.c.h; path = RGFlipMenu.h; sourceTree = "<group>"; };
		234894E81A2691A50009A0F5 /* RGFlipMenu.m */ = {isa = PBXFileReference; fileEncoding = 4; lastKnownFileType = sourcecode.c.objc; path = RGFlipMenu.m; sourceTree = "<group>"; };
		234894EB1A2695120009A0F5 /* RGFlipMenuView.h */ = {isa = PBXFileReference; fileEncoding = 4; lastKnownFileType = sourcecode.c.h; path = RGFlipMenuView.h; sourceTree = "<group>"; };
		234894EC1A2695120009A0F5 /* RGFlipMenuView.m */ = {isa = PBXFileReference; fileEncoding = 4; lastKnownFileType = sourcecode.c.objc; path = RGFlipMenuView.m; sourceTree = "<group>"; };
		2357C1261A2D192E00F809F3 /* RGFlipMenuColors.h */ = {isa = PBXFileReference; fileEncoding = 4; lastKnownFileType = sourcecode.c.h; path = RGFlipMenuColors.h; sourceTree = "<group>"; };
		2357C1271A2D192E00F809F3 /* RGFlipMenuColors.m */ = {isa = PBXFileReference; fileEncoding = 4; lastKnownFileType = sourcecode.c.objc; path = RGFlipMenuColors.m; sourceTree = "<group>"; };
		404D839C25D6ACE8FBDD4833 /* Pods.release.xcconfig */ = {isa = PBXFileReference; includeInIndex = 1; lastKnownFileType = text.xcconfig; name = Pods.release.xcconfig; path = "Pods/Target Support Files/Pods/Pods.release.xcconfig"; sourceTree = "<group>"; };
		6AE4C6D3F3C41421860B178B /* Pods.debug.xcconfig */ = {isa = PBXFileReference; includeInIndex = 1; lastKnownFileType = text.xcconfig; name = Pods.debug.xcconfig; path = "Pods/Target Support Files/Pods/Pods.debug.xcconfig"; sourceTree = "<group>"; };
		DD150895487C7BF6F886C36F /* libPods.a */ = {isa = PBXFileReference; explicitFileType = archive.ar; includeInIndex = 0; path = libPods.a; sourceTree = BUILT_PRODUCTS_DIR; };
/* End PBXFileReference section */

/* Begin PBXFrameworksBuildPhase section */
		234894BB1A2691730009A0F5 /* Frameworks */ = {
			isa = PBXFrameworksBuildPhase;
			buildActionMask = 2147483647;
			files = (
				EA0A0BC78A0DEE185526A3C7 /* libPods.a in Frameworks */,
			);
			runOnlyForDeploymentPostprocessing = 0;
		};
		234894D41A2691740009A0F5 /* Frameworks */ = {
			isa = PBXFrameworksBuildPhase;
			buildActionMask = 2147483647;
			files = (
			);
			runOnlyForDeploymentPostprocessing = 0;
		};
/* End PBXFrameworksBuildPhase section */

/* Begin PBXGroup section */
		090AC1FA6AA6360218566CBB /* Frameworks */ = {
			isa = PBXGroup;
			children = (
				DD150895487C7BF6F886C36F /* libPods.a */,
			);
			name = Frameworks;
			sourceTree = "<group>";
		};
		234894B51A2691730009A0F5 = {
			isa = PBXGroup;
			children = (
				234894C01A2691730009A0F5 /* RGFlipMenu2 */,
				234894DA1A2691740009A0F5 /* RGFlipMenu2Tests */,
				234894BF1A2691730009A0F5 /* Products */,
				F72D2D11B6F25A8176762FDD /* Pods */,
				090AC1FA6AA6360218566CBB /* Frameworks */,
			);
			sourceTree = "<group>";
		};
		234894BF1A2691730009A0F5 /* Products */ = {
			isa = PBXGroup;
			children = (
				234894BE1A2691730009A0F5 /* RGFlipMenu2.app */,
				234894D71A2691740009A0F5 /* RGFlipMenu2Tests.xctest */,
			);
			name = Products;
			sourceTree = "<group>";
		};
		234894C01A2691730009A0F5 /* RGFlipMenu2 */ = {
			isa = PBXGroup;
			children = (
				234894C51A2691730009A0F5 /* AppDelegate.h */,
				234894C61A2691730009A0F5 /* AppDelegate.m */,
				234894C81A2691730009A0F5 /* ViewController.h */,
				234894C91A2691730009A0F5 /* ViewController.m */,
				234894E71A2691A50009A0F5 /* RGFlipMenu.h */,
				234894E81A2691A50009A0F5 /* RGFlipMenu.m */,
				234894EB1A2695120009A0F5 /* RGFlipMenuView.h */,
				234894EC1A2695120009A0F5 /* RGFlipMenuView.m */,
				2357C1261A2D192E00F809F3 /* RGFlipMenuColors.h */,
				2357C1271A2D192E00F809F3 /* RGFlipMenuColors.m */,
				234894CB1A2691730009A0F5 /* Main.storyboard */,
				234894CE1A2691730009A0F5 /* Images.xcassets */,
				234894D01A2691730009A0F5 /* LaunchScreen.xib */,
				234894C11A2691730009A0F5 /* Supporting Files */,
			);
			path = RGFlipMenu2;
			sourceTree = "<group>";
		};
		234894C11A2691730009A0F5 /* Supporting Files */ = {
			isa = PBXGroup;
			children = (
				234894C21A2691730009A0F5 /* Info.plist */,
				234894C31A2691730009A0F5 /* main.m */,
			);
			name = "Supporting Files";
			sourceTree = "<group>";
		};
		234894DA1A2691740009A0F5 /* RGFlipMenu2Tests */ = {
			isa = PBXGroup;
			children = (
				234894DD1A2691740009A0F5 /* RGFlipMenu2Tests.m */,
				234894DB1A2691740009A0F5 /* Supporting Files */,
			);
			path = RGFlipMenu2Tests;
			sourceTree = "<group>";
		};
		234894DB1A2691740009A0F5 /* Supporting Files */ = {
			isa = PBXGroup;
			children = (
				234894DC1A2691740009A0F5 /* Info.plist */,
			);
			name = "Supporting Files";
			sourceTree = "<group>";
		};
		F72D2D11B6F25A8176762FDD /* Pods */ = {
			isa = PBXGroup;
			children = (
				6AE4C6D3F3C41421860B178B /* Pods.debug.xcconfig */,
				404D839C25D6ACE8FBDD4833 /* Pods.release.xcconfig */,
			);
			name = Pods;
			sourceTree = "<group>";
		};
/* End PBXGroup section */

/* Begin PBXNativeTarget section */
		234894BD1A2691730009A0F5 /* RGFlipMenu2 */ = {
			isa = PBXNativeTarget;
			buildConfigurationList = 234894E11A2691740009A0F5 /* Build configuration list for PBXNativeTarget "RGFlipMenu2" */;
			buildPhases = (
				744CA67FC75263C50E449AFB /* Check Pods Manifest.lock */,
				234894BA1A2691730009A0F5 /* Sources */,
				234894BB1A2691730009A0F5 /* Frameworks */,
				234894BC1A2691730009A0F5 /* Resources */,
				C7415627BC4A9D278E8D945D /* Copy Pods Resources */,
			);
			buildRules = (
			);
			dependencies = (
			);
			name = RGFlipMenu2;
			productName = RGFlipMenu2;
			productReference = 234894BE1A2691730009A0F5 /* RGFlipMenu2.app */;
			productType = "com.apple.product-type.application";
		};
		234894D61A2691740009A0F5 /* RGFlipMenu2Tests */ = {
			isa = PBXNativeTarget;
			buildConfigurationList = 234894E41A2691740009A0F5 /* Build configuration list for PBXNativeTarget "RGFlipMenu2Tests" */;
			buildPhases = (
				234894D31A2691740009A0F5 /* Sources */,
				234894D41A2691740009A0F5 /* Frameworks */,
				234894D51A2691740009A0F5 /* Resources */,
			);
			buildRules = (
			);
			dependencies = (
				234894D91A2691740009A0F5 /* PBXTargetDependency */,
			);
			name = RGFlipMenu2Tests;
			productName = RGFlipMenu2Tests;
			productReference = 234894D71A2691740009A0F5 /* RGFlipMenu2Tests.xctest */;
			productType = "com.apple.product-type.bundle.unit-test";
		};
/* End PBXNativeTarget section */

/* Begin PBXProject section */
		234894B61A2691730009A0F5 /* Project object */ = {
			isa = PBXProject;
			attributes = {
				LastUpgradeCheck = 0610;
				ORGANIZATIONNAME = "Roland Gröpmair";
				TargetAttributes = {
					234894BD1A2691730009A0F5 = {
						CreatedOnToolsVersion = 6.1;
					};
					234894D61A2691740009A0F5 = {
						CreatedOnToolsVersion = 6.1;
						TestTargetID = 234894BD1A2691730009A0F5;
					};
				};
			};
			buildConfigurationList = 234894B91A2691730009A0F5 /* Build configuration list for PBXProject "RGFlipMenu2" */;
			compatibilityVersion = "Xcode 3.2";
			developmentRegion = English;
			hasScannedForEncodings = 0;
			knownRegions = (
				en,
				Base,
			);
			mainGroup = 234894B51A2691730009A0F5;
			productRefGroup = 234894BF1A2691730009A0F5 /* Products */;
			projectDirPath = "";
			projectRoot = "";
			targets = (
				234894BD1A2691730009A0F5 /* RGFlipMenu2 */,
				234894D61A2691740009A0F5 /* RGFlipMenu2Tests */,
			);
		};
/* End PBXProject section */

/* Begin PBXResourcesBuildPhase section */
		234894BC1A2691730009A0F5 /* Resources */ = {
			isa = PBXResourcesBuildPhase;
			buildActionMask = 2147483647;
			files = (
				234894CD1A2691730009A0F5 /* Main.storyboard in Resources */,
				234894D21A2691730009A0F5 /* LaunchScreen.xib in Resources */,
				234894CF1A2691730009A0F5 /* Images.xcassets in Resources */,
			);
			runOnlyForDeploymentPostprocessing = 0;
		};
		234894D51A2691740009A0F5 /* Resources */ = {
			isa = PBXResourcesBuildPhase;
			buildActionMask = 2147483647;
			files = (
			);
			runOnlyForDeploymentPostprocessing = 0;
		};
/* End PBXResourcesBuildPhase section */

/* Begin PBXShellScriptBuildPhase section */
		744CA67FC75263C50E449AFB /* Check Pods Manifest.lock */ = {
			isa = PBXShellScriptBuildPhase;
			buildActionMask = 2147483647;
			files = (
			);
			inputPaths = (
			);
			name = "Check Pods Manifest.lock";
			outputPaths = (
			);
			runOnlyForDeploymentPostprocessing = 0;
			shellPath = /bin/sh;
			shellScript = "diff \"${PODS_ROOT}/../Podfile.lock\" \"${PODS_ROOT}/Manifest.lock\" > /dev/null\nif [[ $? != 0 ]] ; then\n    cat << EOM\nerror: The sandbox is not in sync with the Podfile.lock. Run 'pod install' or update your CocoaPods installation.\nEOM\n    exit 1\nfi\n";
			showEnvVarsInLog = 0;
		};
		C7415627BC4A9D278E8D945D /* Copy Pods Resources */ = {
			isa = PBXShellScriptBuildPhase;
			buildActionMask = 2147483647;
			files = (
			);
			inputPaths = (
			);
			name = "Copy Pods Resources";
			outputPaths = (
			);
			runOnlyForDeploymentPostprocessing = 0;
			shellPath = /bin/sh;
			shellScript = "\"${SRCROOT}/Pods/Target Support Files/Pods/Pods-resources.sh\"\n";
			showEnvVarsInLog = 0;
		};
/* End PBXShellScriptBuildPhase section */

/* Begin PBXSourcesBuildPhase section */
		234894BA1A2691730009A0F5 /* Sources */ = {
			isa = PBXSourcesBuildPhase;
			buildActionMask = 2147483647;
			files = (
				234894E91A2691A50009A0F5 /* RGFlipMenu.m in Sources */,
				234894CA1A2691730009A0F5 /* ViewController.m in Sources */,
				234894C71A2691730009A0F5 /* AppDelegate.m in Sources */,
				234894C41A2691730009A0F5 /* main.m in Sources */,
				2357C1281A2D192E00F809F3 /* RGFlipMenuColors.m in Sources */,
				234894ED1A2695120009A0F5 /* RGFlipMenuView.m in Sources */,
			);
			runOnlyForDeploymentPostprocessing = 0;
		};
		234894D31A2691740009A0F5 /* Sources */ = {
			isa = PBXSourcesBuildPhase;
			buildActionMask = 2147483647;
			files = (
				234894EA1A2691A50009A0F5 /* RGFlipMenu.m in Sources */,
				234894DE1A2691740009A0F5 /* RGFlipMenu2Tests.m in Sources */,
				234894EE1A2695120009A0F5 /* RGFlipMenuView.m in Sources */,
			);
			runOnlyForDeploymentPostprocessing = 0;
		};
/* End PBXSourcesBuildPhase section */

/* Begin PBXTargetDependency section */
		234894D91A2691740009A0F5 /* PBXTargetDependency */ = {
			isa = PBXTargetDependency;
			target = 234894BD1A2691730009A0F5 /* RGFlipMenu2 */;
			targetProxy = 234894D81A2691740009A0F5 /* PBXContainerItemProxy */;
		};
/* End PBXTargetDependency section */

/* Begin PBXVariantGroup section */
		234894CB1A2691730009A0F5 /* Main.storyboard */ = {
			isa = PBXVariantGroup;
			children = (
				234894CC1A2691730009A0F5 /* Base */,
			);
			name = Main.storyboard;
			sourceTree = "<group>";
		};
		234894D01A2691730009A0F5 /* LaunchScreen.xib */ = {
			isa = PBXVariantGroup;
			children = (
				234894D11A2691730009A0F5 /* Base */,
			);
			name = LaunchScreen.xib;
			sourceTree = "<group>";
		};
/* End PBXVariantGroup section */

/* Begin XCBuildConfiguration section */
		234894DF1A2691740009A0F5 /* Debug */ = {
			isa = XCBuildConfiguration;
			buildSettings = {
				CLANG_CXX_LANGUAGE_STANDARD = "gnu++0x";
				CLANG_CXX_LIBRARY = "libc++";
				CLANG_ENABLE_MODULES = YES;
				CLANG_ENABLE_OBJC_ARC = YES;
				CLANG_WARN_BOOL_CONVERSION = YES;
				CLANG_WARN_CONSTANT_CONVERSION = YES;
				CLANG_WARN_DIRECT_OBJC_ISA_USAGE = YES_ERROR;
				CLANG_WARN_EMPTY_BODY = YES;
				CLANG_WARN_ENUM_CONVERSION = YES;
				CLANG_WARN_INT_CONVERSION = YES;
				CLANG_WARN_OBJC_ROOT_CLASS = YES_ERROR;
				CLANG_WARN_UNREACHABLE_CODE = YES;
				CLANG_WARN__DUPLICATE_METHOD_MATCH = YES;
				"CODE_SIGN_IDENTITY[sdk=iphoneos*]" = "iPhone Developer";
				COPY_PHASE_STRIP = NO;
				ENABLE_STRICT_OBJC_MSGSEND = YES;
				GCC_C_LANGUAGE_STANDARD = gnu99;
				GCC_DYNAMIC_NO_PIC = NO;
				GCC_OPTIMIZATION_LEVEL = 0;
				GCC_PREPROCESSOR_DEFINITIONS = (
					"DEBUG=1",
					"$(inherited)",
				);
				GCC_SYMBOLS_PRIVATE_EXTERN = NO;
				GCC_WARN_64_TO_32_BIT_CONVERSION = YES;
				GCC_WARN_ABOUT_RETURN_TYPE = YES_ERROR;
				GCC_WARN_UNDECLARED_SELECTOR = YES;
				GCC_WARN_UNINITIALIZED_AUTOS = YES_AGGRESSIVE;
				GCC_WARN_UNUSED_FUNCTION = YES;
				GCC_WARN_UNUSED_VARIABLE = YES;
				IPHONEOS_DEPLOYMENT_TARGET = 8.1;
				MTL_ENABLE_DEBUG_INFO = YES;
				ONLY_ACTIVE_ARCH = YES;
				SDKROOT = iphoneos;
			};
			name = Debug;
		};
		234894E01A2691740009A0F5 /* Release */ = {
			isa = XCBuildConfiguration;
			buildSettings = {
				CLANG_CXX_LANGUAGE_STANDARD = "gnu++0x";
				CLANG_CXX_LIBRARY = "libc++";
				CLANG_ENABLE_MODULES = YES;
				CLANG_ENABLE_OBJC_ARC = YES;
				CLANG_WARN_BOOL_CONVERSION = YES;
				CLANG_WARN_CONSTANT_CONVERSION = YES;
				CLANG_WARN_DIRECT_OBJC_ISA_USAGE = YES_ERROR;
				CLANG_WARN_EMPTY_BODY = YES;
				CLANG_WARN_ENUM_CONVERSION = YES;
				CLANG_WARN_INT_CONVERSION = YES;
				CLANG_WARN_OBJC_ROOT_CLASS = YES_ERROR;
				CLANG_WARN_UNREACHABLE_CODE = YES;
				CLANG_WARN__DUPLICATE_METHOD_MATCH = YES;
				"CODE_SIGN_IDENTITY[sdk=iphoneos*]" = "iPhone Developer";
				COPY_PHASE_STRIP = YES;
				ENABLE_NS_ASSERTIONS = NO;
				ENABLE_STRICT_OBJC_MSGSEND = YES;
				GCC_C_LANGUAGE_STANDARD = gnu99;
				GCC_WARN_64_TO_32_BIT_CONVERSION = YES;
				GCC_WARN_ABOUT_RETURN_TYPE = YES_ERROR;
				GCC_WARN_UNDECLARED_SELECTOR = YES;
				GCC_WARN_UNINITIALIZED_AUTOS = YES_AGGRESSIVE;
				GCC_WARN_UNUSED_FUNCTION = YES;
				GCC_WARN_UNUSED_VARIABLE = YES;
				IPHONEOS_DEPLOYMENT_TARGET = 8.1;
				MTL_ENABLE_DEBUG_INFO = NO;
				SDKROOT = iphoneos;
				VALIDATE_PRODUCT = YES;
			};
			name = Release;
		};
		234894E21A2691740009A0F5 /* Debug */ = {
			isa = XCBuildConfiguration;
			baseConfigurationReference = 6AE4C6D3F3C41421860B178B /* Pods.debug.xcconfig */;
			buildSettings = {
				ASSETCATALOG_COMPILER_APPICON_NAME = AppIcon;
				FRAMEWORK_SEARCH_PATHS = (
					"$(inherited)",
					"$(PROJECT_DIR)",
				);
				INFOPLIST_FILE = RGFlipMenu2/Info.plist;
				LD_RUNPATH_SEARCH_PATHS = "$(inherited) @executable_path/Frameworks";
				PRODUCT_NAME = "$(TARGET_NAME)";
			};
			name = Debug;
		};
		234894E31A2691740009A0F5 /* Release */ = {
			isa = XCBuildConfiguration;
			baseConfigurationReference = 404D839C25D6ACE8FBDD4833 /* Pods.release.xcconfig */;
			buildSettings = {
				ASSETCATALOG_COMPILER_APPICON_NAME = AppIcon;
				FRAMEWORK_SEARCH_PATHS = (
					"$(inherited)",
					"$(PROJECT_DIR)",
				);
				INFOPLIST_FILE = RGFlipMenu2/Info.plist;
				LD_RUNPATH_SEARCH_PATHS = "$(inherited) @executable_path/Frameworks";
				PRODUCT_NAME = "$(TARGET_NAME)";
			};
			name = Release;
		};
		234894E51A2691740009A0F5 /* Debug */ = {
			isa = XCBuildConfiguration;
			baseConfigurationReference = 6AE4C6D3F3C41421860B178B /* Pods.debug.xcconfig */;
			buildSettings = {
				BUNDLE_LOADER = "$(TEST_HOST)";
				FRAMEWORK_SEARCH_PATHS = (
					"$(SDKROOT)/Developer/Library/Frameworks",
					"$(inherited)",
				);
				GCC_PREPROCESSOR_DEFINITIONS = (
					"DEBUG=1",
					"$(inherited)",
				);
				INFOPLIST_FILE = RGFlipMenu2Tests/Info.plist;
				LD_RUNPATH_SEARCH_PATHS = "$(inherited) @executable_path/Frameworks @loader_path/Frameworks";
				PRODUCT_NAME = "$(TARGET_NAME)";
				TEST_HOST = "$(BUILT_PRODUCTS_DIR)/RGFlipMenu2.app/RGFlipMenu2";
			};
			name = Debug;
		};
		234894E61A2691740009A0F5 /* Release */ = {
			isa = XCBuildConfiguration;
			baseConfigurationReference = 404D839C25D6ACE8FBDD4833 /* Pods.release.xcconfig */;
			buildSettings = {
				BUNDLE_LOADER = "$(TEST_HOST)";
				FRAMEWORK_SEARCH_PATHS = (
					"$(SDKROOT)/Developer/Library/Frameworks",
					"$(inherited)",
				);
				INFOPLIST_FILE = RGFlipMenu2Tests/Info.plist;
				LD_RUNPATH_SEARCH_PATHS = "$(inherited) @executable_path/Frameworks @loader_path/Frameworks";
				PRODUCT_NAME = "$(TARGET_NAME)";
				TEST_HOST = "$(BUILT_PRODUCTS_DIR)/RGFlipMenu2.app/RGFlipMenu2";
			};
			name = Release;
		};
/* End XCBuildConfiguration section */

/* Begin XCConfigurationList section */
		234894B91A2691730009A0F5 /* Build configuration list for PBXProject "RGFlipMenu2" */ = {
			isa = XCConfigurationList;
			buildConfigurations = (
				234894DF1A2691740009A0F5 /* Debug */,
				234894E01A2691740009A0F5 /* Release */,
			);
			defaultConfigurationIsVisible = 0;
			defaultConfigurationName = Release;
		};
		234894E11A2691740009A0F5 /* Build configuration list for PBXNativeTarget "RGFlipMenu2" */ = {
			isa = XCConfigurationList;
			buildConfigurations = (
				234894E21A2691740009A0F5 /* Debug */,
				234894E31A2691740009A0F5 /* Release */,
			);
			defaultConfigurationIsVisible = 0;
			defaultConfigurationName = Release;
		};
		234894E41A2691740009A0F5 /* Build configuration list for PBXNativeTarget "RGFlipMenu2Tests" */ = {
			isa = XCConfigurationList;
			buildConfigurations = (
				234894E51A2691740009A0F5 /* Debug */,
				234894E61A2691740009A0F5 /* Release */,
			);
			defaultConfigurationIsVisible = 0;
			defaultConfigurationName = Release;
		};
/* End XCConfigurationList section */
	};
	rootObject = 234894B61A2691730009A0F5 /* Project object */;
}
